
Microsoft Visual Studio Solution File, Format Version 12.00
# Visual Studio Version 16
VisualStudioVersion = 16.0.31515.178
MinimumVisualStudioVersion = 10.0.40219.1
Project("{FAE04EC0-301F-11D3-BF4B-00C04F79EFBC}") = "FolderAnalytics", "FolderAnalytics.csproj", "{666A1E74-F700-4F51-8913-817B53511CD0}"
EndProject
Global
	GlobalSection(SolutionConfigurationPlatforms) = preSolution
		Debug|Any CPU = Debug|Any CPU
		Release|Any CPU = Release|Any CPU
	EndGlobalSection
	GlobalSection(ProjectConfigurationPlatforms) = postSolution
		{666A1E74-F700-4F51-8913-817B53511CD0}.Debug|Any CPU.ActiveCfg = Debug|Any CPU
		{666A1E74-F700-4F51-8913-817B53511CD0}.Debug|Any CPU.Build.0 = Debug|Any CPU
		{666A1E74-F700-4F51-8913-817B53511CD0}.Release|Any CPU.ActiveCfg = Release|Any CPU
		{666A1E74-F700-4F51-8913-817B53511CD0}.Release|Any CPU.Build.0 = Release|Any CPU
	EndGlobalSection
	GlobalSection(SolutionProperties) = preSolution
		HideSolutionNode = FALSE
	EndGlobalSection
	GlobalSection(ExtensibilityGlobals) = postSolution
		SolutionGuid = {08BE48A9-26B4-4B09-BC55-EF9A4D7F6D19}
	EndGlobalSection
EndGlobal
